
Microsoft Visual Studio Solution File, Format Version 12.00
# Visual Studio Version 16
VisualStudioVersion = 16.0.30225.117
MinimumVisualStudioVersion = 10.0.40219.1
Project("{FAE04EC0-301F-11D3-BF4B-00C04F79EFBC}") = "Day01", "Day01\Day01.csproj", "{876A328D-951B-4D35-A4F6-B8A87438A7CF}"
EndProject
Project("{FAE04EC0-301F-11D3-BF4B-00C04F79EFBC}") = "Day02", "Day02\Day02.csproj", "{AA0F9C77-AF42-4F14-BAF3-68D19FD618F8}"
EndProject
Project("{FAE04EC0-301F-11D3-BF4B-00C04F79EFBC}") = "Day03", "Day03\Day03.csproj", "{A137865D-EEAF-45CE-B462-227FAC8078E6}"
EndProject
Project("{FAE04EC0-301F-11D3-BF4B-00C04F79EFBC}") = "Day04", "Day04\Day04.csproj", "{6947CAF8-083F-4351-BFB3-362012941553}"
EndProject
Project("{FAE04EC0-301F-11D3-BF4B-00C04F79EFBC}") = "Day05", "Day05\Day05.csproj", "{3FFEAF1A-34E6-4DB9-8C42-ECD46A311F1E}"
EndProject
Project("{FAE04EC0-301F-11D3-BF4B-00C04F79EFBC}") = "Day06", "Day06\Day06.csproj", "{32A2A30A-6C66-4F28-BF26-106FAF2D5DD3}"
EndProject
Project("{FAE04EC0-301F-11D3-BF4B-00C04F79EFBC}") = "Day07", "Day07\Day07.csproj", "{13E9259C-6D2F-4805-98B6-0C142F3C55D6}"
EndProject
Project("{FAE04EC0-301F-11D3-BF4B-00C04F79EFBC}") = "Day08", "Day08\Day08.csproj", "{1ACE1104-04E4-4069-8330-AF81E878B2C2}"
EndProject
Project("{FAE04EC0-301F-11D3-BF4B-00C04F79EFBC}") = "Day09", "Day09\Day09.csproj", "{C57789CF-C3F4-4D8B-9D17-977B7E47A07F}"
EndProject
Project("{FAE04EC0-301F-11D3-BF4B-00C04F79EFBC}") = "Day10", "Day10\Day10.csproj", "{7D454E79-E3A4-462E-A07B-D274C110D69D}"
EndProject
Project("{9A19103F-16F7-4668-BE54-9A1E7A4F7556}") = "Day11", "Day11\Day11.csproj", "{D6063306-648C-4BE9-AE65-7AA015EF3D32}"
EndProject
Project("{9A19103F-16F7-4668-BE54-9A1E7A4F7556}") = "Day12", "Day12\Day12.csproj", "{07C74B0A-211E-4334-B0D3-9C206B34D147}"
EndProject
Global
	GlobalSection(SolutionConfigurationPlatforms) = preSolution
		Debug|Any CPU = Debug|Any CPU
		Release|Any CPU = Release|Any CPU
	EndGlobalSection
	GlobalSection(ProjectConfigurationPlatforms) = postSolution
		{876A328D-951B-4D35-A4F6-B8A87438A7CF}.Debug|Any CPU.ActiveCfg = Debug|Any CPU
		{876A328D-951B-4D35-A4F6-B8A87438A7CF}.Debug|Any CPU.Build.0 = Debug|Any CPU
		{876A328D-951B-4D35-A4F6-B8A87438A7CF}.Release|Any CPU.ActiveCfg = Release|Any CPU
		{876A328D-951B-4D35-A4F6-B8A87438A7CF}.Release|Any CPU.Build.0 = Release|Any CPU
		{AA0F9C77-AF42-4F14-BAF3-68D19FD618F8}.Debug|Any CPU.ActiveCfg = Debug|Any CPU
		{AA0F9C77-AF42-4F14-BAF3-68D19FD618F8}.Debug|Any CPU.Build.0 = Debug|Any CPU
		{AA0F9C77-AF42-4F14-BAF3-68D19FD618F8}.Release|Any CPU.ActiveCfg = Release|Any CPU
		{AA0F9C77-AF42-4F14-BAF3-68D19FD618F8}.Release|Any CPU.Build.0 = Release|Any CPU
		{A137865D-EEAF-45CE-B462-227FAC8078E6}.Debug|Any CPU.ActiveCfg = Debug|Any CPU
		{A137865D-EEAF-45CE-B462-227FAC8078E6}.Debug|Any CPU.Build.0 = Debug|Any CPU
		{A137865D-EEAF-45CE-B462-227FAC8078E6}.Release|Any CPU.ActiveCfg = Release|Any CPU
		{A137865D-EEAF-45CE-B462-227FAC8078E6}.Release|Any CPU.Build.0 = Release|Any CPU
		{6947CAF8-083F-4351-BFB3-362012941553}.Debug|Any CPU.ActiveCfg = Debug|Any CPU
		{6947CAF8-083F-4351-BFB3-362012941553}.Debug|Any CPU.Build.0 = Debug|Any CPU
		{6947CAF8-083F-4351-BFB3-362012941553}.Release|Any CPU.ActiveCfg = Release|Any CPU
		{6947CAF8-083F-4351-BFB3-362012941553}.Release|Any CPU.Build.0 = Release|Any CPU
		{3FFEAF1A-34E6-4DB9-8C42-ECD46A311F1E}.Debug|Any CPU.ActiveCfg = Debug|Any CPU
		{3FFEAF1A-34E6-4DB9-8C42-ECD46A311F1E}.Debug|Any CPU.Build.0 = Debug|Any CPU
		{3FFEAF1A-34E6-4DB9-8C42-ECD46A311F1E}.Release|Any CPU.ActiveCfg = Release|Any CPU
		{3FFEAF1A-34E6-4DB9-8C42-ECD46A311F1E}.Release|Any CPU.Build.0 = Release|Any CPU
		{32A2A30A-6C66-4F28-BF26-106FAF2D5DD3}.Debug|Any CPU.ActiveCfg = Debug|Any CPU
		{32A2A30A-6C66-4F28-BF26-106FAF2D5DD3}.Debug|Any CPU.Build.0 = Debug|Any CPU
		{32A2A30A-6C66-4F28-BF26-106FAF2D5DD3}.Release|Any CPU.ActiveCfg = Release|Any CPU
		{32A2A30A-6C66-4F28-BF26-106FAF2D5DD3}.Release|Any CPU.Build.0 = Release|Any CPU
		{13E9259C-6D2F-4805-98B6-0C142F3C55D6}.Debug|Any CPU.ActiveCfg = Debug|Any CPU
		{13E9259C-6D2F-4805-98B6-0C142F3C55D6}.Debug|Any CPU.Build.0 = Debug|Any CPU
		{13E9259C-6D2F-4805-98B6-0C142F3C55D6}.Release|Any CPU.ActiveCfg = Release|Any CPU
		{13E9259C-6D2F-4805-98B6-0C142F3C55D6}.Release|Any CPU.Build.0 = Release|Any CPU
		{1ACE1104-04E4-4069-8330-AF81E878B2C2}.Debug|Any CPU.ActiveCfg = Debug|Any CPU
		{1ACE1104-04E4-4069-8330-AF81E878B2C2}.Debug|Any CPU.Build.0 = Debug|Any CPU
		{1ACE1104-04E4-4069-8330-AF81E878B2C2}.Release|Any CPU.ActiveCfg = Release|Any CPU
		{1ACE1104-04E4-4069-8330-AF81E878B2C2}.Release|Any CPU.Build.0 = Release|Any CPU
		{C57789CF-C3F4-4D8B-9D17-977B7E47A07F}.Debug|Any CPU.ActiveCfg = Debug|Any CPU
		{C57789CF-C3F4-4D8B-9D17-977B7E47A07F}.Debug|Any CPU.Build.0 = Debug|Any CPU
		{C57789CF-C3F4-4D8B-9D17-977B7E47A07F}.Release|Any CPU.ActiveCfg = Release|Any CPU
		{C57789CF-C3F4-4D8B-9D17-977B7E47A07F}.Release|Any CPU.Build.0 = Release|Any CPU
		{7D454E79-E3A4-462E-A07B-D274C110D69D}.Debug|Any CPU.ActiveCfg = Debug|Any CPU
		{7D454E79-E3A4-462E-A07B-D274C110D69D}.Debug|Any CPU.Build.0 = Debug|Any CPU
		{7D454E79-E3A4-462E-A07B-D274C110D69D}.Release|Any CPU.ActiveCfg = Release|Any CPU
		{7D454E79-E3A4-462E-A07B-D274C110D69D}.Release|Any CPU.Build.0 = Release|Any CPU
		{D6063306-648C-4BE9-AE65-7AA015EF3D32}.Debug|Any CPU.ActiveCfg = Debug|Any CPU
		{D6063306-648C-4BE9-AE65-7AA015EF3D32}.Debug|Any CPU.Build.0 = Debug|Any CPU
		{D6063306-648C-4BE9-AE65-7AA015EF3D32}.Release|Any CPU.ActiveCfg = Release|Any CPU
		{D6063306-648C-4BE9-AE65-7AA015EF3D32}.Release|Any CPU.Build.0 = Release|Any CPU
		{07C74B0A-211E-4334-B0D3-9C206B34D147}.Debug|Any CPU.ActiveCfg = Debug|Any CPU
		{07C74B0A-211E-4334-B0D3-9C206B34D147}.Debug|Any CPU.Build.0 = Debug|Any CPU
		{07C74B0A-211E-4334-B0D3-9C206B34D147}.Release|Any CPU.ActiveCfg = Release|Any CPU
		{07C74B0A-211E-4334-B0D3-9C206B34D147}.Release|Any CPU.Build.0 = Release|Any CPU
	EndGlobalSection
	GlobalSection(SolutionProperties) = preSolution
		HideSolutionNode = FALSE
	EndGlobalSection
	GlobalSection(ExtensibilityGlobals) = postSolution
		SolutionGuid = {A8F68C2B-BDAE-4AE8-B604-5437CD7F88DE}
	EndGlobalSection
EndGlobal
